
Microsoft Visual Studio Solution File, Format Version 12.00
# Visual Studio Version 16
VisualStudioVersion = 16.0.30011.22
MinimumVisualStudioVersion = 10.0.40219.1
Project("{FAE04EC0-301F-11D3-BF4B-00C04F79EFBC}") = "EmployeeAssignment", "EmployeeAssignment.csproj", "{B51CDB36-E1B1-4998-A625-346472A78BBD}"
EndProject
Global
	GlobalSection(SolutionConfigurationPlatforms) = preSolution
		Debug|Any CPU = Debug|Any CPU
		Release|Any CPU = Release|Any CPU
	EndGlobalSection
	GlobalSection(ProjectConfigurationPlatforms) = postSolution
		{B51CDB36-E1B1-4998-A625-346472A78BBD}.Debug|Any CPU.ActiveCfg = Debug|Any CPU
		{B51CDB36-E1B1-4998-A625-346472A78BBD}.Debug|Any CPU.Build.0 = Debug|Any CPU
		{B51CDB36-E1B1-4998-A625-346472A78BBD}.Release|Any CPU.ActiveCfg = Release|Any CPU
		{B51CDB36-E1B1-4998-A625-346472A78BBD}.Release|Any CPU.Build.0 = Release|Any CPU
	EndGlobalSection
	GlobalSection(SolutionProperties) = preSolution
		HideSolutionNode = FALSE
	EndGlobalSection
	GlobalSection(ExtensibilityGlobals) = postSolution
		SolutionGuid = {A1AD310B-3A89-4144-87E3-6FC2F558D6B2}
	EndGlobalSection
EndGlobal
