
Microsoft Visual Studio Solution File, Format Version 12.00
# Visual Studio Version 16
VisualStudioVersion = 16.0.30011.22
MinimumVisualStudioVersion = 10.0.40219.1
Project("{FAE04EC0-301F-11D3-BF4B-00C04F79EFBC}") = "LIstArraysAssignment", "LIstArraysAssignment.csproj", "{76147647-01EF-45DE-9408-AAA74EB6AC73}"
EndProject
Global
	GlobalSection(SolutionConfigurationPlatforms) = preSolution
		Debug|Any CPU = Debug|Any CPU
		Release|Any CPU = Release|Any CPU
	EndGlobalSection
	GlobalSection(ProjectConfigurationPlatforms) = postSolution
		{76147647-01EF-45DE-9408-AAA74EB6AC73}.Debug|Any CPU.ActiveCfg = Debug|Any CPU
		{76147647-01EF-45DE-9408-AAA74EB6AC73}.Debug|Any CPU.Build.0 = Debug|Any CPU
		{76147647-01EF-45DE-9408-AAA74EB6AC73}.Release|Any CPU.ActiveCfg = Release|Any CPU
		{76147647-01EF-45DE-9408-AAA74EB6AC73}.Release|Any CPU.Build.0 = Release|Any CPU
	EndGlobalSection
	GlobalSection(SolutionProperties) = preSolution
		HideSolutionNode = FALSE
	EndGlobalSection
	GlobalSection(ExtensibilityGlobals) = postSolution
		SolutionGuid = {5E9D9A37-C382-4189-A8E0-78521F4570C8}
	EndGlobalSection
EndGlobal
